
Microsoft Visual Studio Solution File, Format Version 12.00
# Visual Studio 15
VisualStudioVersion = 15.0.26430.16
MinimumVisualStudioVersion = 10.0.40219.1
Project("{FAE04EC0-301F-11D3-BF4B-00C04F79EFBC}") = "MVVMBaseUnitTest", "MVVMBaseUnitTest\MVVMBaseUnitTest.csproj", "{9BE1797A-967D-4F06-9B0C-A2A7BCF1B435}"
EndProject
Project("{2150E333-8FDC-42A3-9474-1A3956D46DE8}") = "NuGet", "NuGet", "{8186A388-1338-4CBD-821B-A82540E72B2C}"
	ProjectSection(SolutionItems) = preProject
		MVVMBase.nuspec = MVVMBase.nuspec
	EndProjectSection
EndProject
Project("{2150E333-8FDC-42A3-9474-1A3956D46DE8}") = "Solution Items", "Solution Items", "{372754A2-371A-4770-A9B1-C3A78656206B}"
	ProjectSection(SolutionItems) = preProject
		LICENSE = LICENSE
		README.md = README.md
	EndProjectSection
EndProject
Project("{D954291E-2A0B-460D-934E-DC6B0785DB48}") = "MVVMBase.Shared", "MVVMBase.Shared\MVVMBase.Shared.shproj", "{9A2CF635-7C43-4C4B-873B-FE128B0B8470}"
EndProject
Project("{2150E333-8FDC-42A3-9474-1A3956D46DE8}") = "Desktop", "Desktop", "{8A0D6243-2395-4BA2-A0C2-9DDEF9FBB326}"
EndProject
Project("{FAE04EC0-301F-11D3-BF4B-00C04F79EFBC}") = "MVVMBase.Desktop.v40", "MVVMBase.Desktop.v40\MVVMBase.Desktop.v40.csproj", "{640AECB2-A92F-4255-A70E-9E79EE1B4930}"
EndProject
Project("{FAE04EC0-301F-11D3-BF4B-00C04F79EFBC}") = "MVVMBase.Desktop.v35", "MVVMBase.Desktop.v35\MVVMBase.Desktop.v35.csproj", "{A73236F0-6C32-4DE9-A7D1-4173A3B3AD3D}"
EndProject
Project("{FAE04EC0-301F-11D3-BF4B-00C04F79EFBC}") = "MVVMBase.Desktop.v45", "MVVMBase.Desktop.v45\MVVMBase.Desktop.v45.csproj", "{BA56F824-2A99-45FD-8ADB-3AF0A7AA3848}"
EndProject
Project("{FAE04EC0-301F-11D3-BF4B-00C04F79EFBC}") = "MVVMBase.Desktop.v46", "MVVMBase.Desktop.v46\MVVMBase.Desktop.v46.csproj", "{22C43546-44B5-457B-814C-B9C7AA017C15}"
EndProject
Project("{FAE04EC0-301F-11D3-BF4B-00C04F79EFBC}") = "MVVMBase.Portable", "MVVMBase.Portable\MVVMBase.Portable.csproj", "{62F22F6E-35D1-49DB-8FCD-83520AED48B4}"
EndProject
Project("{2150E333-8FDC-42A3-9474-1A3956D46DE8}") = "Porable", "Porable", "{8EB45A15-36CB-43F2-BA1C-10C10694664E}"
EndProject
Project("{FAE04EC0-301F-11D3-BF4B-00C04F79EFBC}") = "MVVMBase.Desktop.v35client", "MVVMBase.Desktop.v35client\MVVMBase.Desktop.v35client.csproj", "{C21D979F-0BE4-46BD-A11B-8D9FDDC77965}"
EndProject
Project("{FAE04EC0-301F-11D3-BF4B-00C04F79EFBC}") = "MVVMBase.Desktop.v40client", "MVVMBase.Desktop.v40client\MVVMBase.Desktop.v40client.csproj", "{5B23F8BF-DB18-4C02-A476-1E9FA0C39CB3}"
EndProject
Project("{2150E333-8FDC-42A3-9474-1A3956D46DE8}") = "Xamarin", "Xamarin", "{957D3D89-765A-4BBD-AC5C-43DED0DD6C00}"
EndProject
Project("{FAE04EC0-301F-11D3-BF4B-00C04F79EFBC}") = "MVVMBase.iOS", "MVVMBase.iOS\MVVMBase.iOS.csproj", "{DB2FF021-62EC-4FA5-841C-6BE93957EEEA}"
EndProject
Project("{FAE04EC0-301F-11D3-BF4B-00C04F79EFBC}") = "MVVMBase.Android", "MVVMBase.Android\MVVMBase.Android.csproj", "{40679791-F047-48C4-A844-B74FF2D17495}"
EndProject
Project("{FAE04EC0-301F-11D3-BF4B-00C04F79EFBC}") = "MVVMBase.UWP", "MVVMBase.UWP\MVVMBase.UWP.csproj", "{0300E3FE-11F0-4A4D-9406-9E4D59C29DFC}"
EndProject
Project("{FAE04EC0-301F-11D3-BF4B-00C04F79EFBC}") = "MVVMBase.NetStandard", "MVVMBase.NetStandard\MVVMBase.NetStandard.csproj", "{89CF0C57-1443-4225-B9EC-2B2D94922E7E}"
EndProject
Global
	GlobalSection(SharedMSBuildProjectFiles) = preSolution
		MVVMBase.Shared\MVVMBase.Shared.projitems*{0300e3fe-11f0-4a4d-9406-9e4d59c29dfc}*SharedItemsImports = 4
		MVVMBase.Shared\MVVMBase.Shared.projitems*{22c43546-44b5-457b-814c-b9c7aa017c15}*SharedItemsImports = 4
		MVVMBase.Shared\MVVMBase.Shared.projitems*{40679791-f047-48c4-a844-b74ff2d17495}*SharedItemsImports = 4
		MVVMBase.Shared\MVVMBase.Shared.projitems*{62f22f6e-35d1-49db-8fcd-83520aed48b4}*SharedItemsImports = 4
		MVVMBase.Shared\MVVMBase.Shared.projitems*{9a2cf635-7c43-4c4b-873b-fe128b0b8470}*SharedItemsImports = 13
		MVVMBase.Shared\MVVMBase.Shared.projitems*{ba56f824-2a99-45fd-8adb-3af0a7aa3848}*SharedItemsImports = 4
		MVVMBase.Shared\MVVMBase.Shared.projitems*{db2ff021-62ec-4fa5-841c-6be93957eeea}*SharedItemsImports = 4
	EndGlobalSection
	GlobalSection(SolutionConfigurationPlatforms) = preSolution
		Ad-Hoc|Any CPU = Ad-Hoc|Any CPU
		Ad-Hoc|ARM = Ad-Hoc|ARM
		Ad-Hoc|iPhone = Ad-Hoc|iPhone
		Ad-Hoc|iPhoneSimulator = Ad-Hoc|iPhoneSimulator
		Ad-Hoc|x64 = Ad-Hoc|x64
		Ad-Hoc|x86 = Ad-Hoc|x86
		AppStore|Any CPU = AppStore|Any CPU
		AppStore|ARM = AppStore|ARM
		AppStore|iPhone = AppStore|iPhone
		AppStore|iPhoneSimulator = AppStore|iPhoneSimulator
		AppStore|x64 = AppStore|x64
		AppStore|x86 = AppStore|x86
		Debug|Any CPU = Debug|Any CPU
		Debug|ARM = Debug|ARM
		Debug|iPhone = Debug|iPhone
		Debug|iPhoneSimulator = Debug|iPhoneSimulator
		Debug|x64 = Debug|x64
		Debug|x86 = Debug|x86
		Release|Any CPU = Release|Any CPU
		Release|ARM = Release|ARM
		Release|iPhone = Release|iPhone
		Release|iPhoneSimulator = Release|iPhoneSimulator
		Release|x64 = Release|x64
		Release|x86 = Release|x86
	EndGlobalSection
	GlobalSection(ProjectConfigurationPlatforms) = postSolution
		{9BE1797A-967D-4F06-9B0C-A2A7BCF1B435}.Ad-Hoc|Any CPU.ActiveCfg = Release|Any CPU
		{9BE1797A-967D-4F06-9B0C-A2A7BCF1B435}.Ad-Hoc|Any CPU.Build.0 = Release|Any CPU
		{9BE1797A-967D-4F06-9B0C-A2A7BCF1B435}.Ad-Hoc|ARM.ActiveCfg = Release|Any CPU
		{9BE1797A-967D-4F06-9B0C-A2A7BCF1B435}.Ad-Hoc|ARM.Build.0 = Release|Any CPU
		{9BE1797A-967D-4F06-9B0C-A2A7BCF1B435}.Ad-Hoc|iPhone.ActiveCfg = Release|Any CPU
		{9BE1797A-967D-4F06-9B0C-A2A7BCF1B435}.Ad-Hoc|iPhone.Build.0 = Release|Any CPU
		{9BE1797A-967D-4F06-9B0C-A2A7BCF1B435}.Ad-Hoc|iPhoneSimulator.ActiveCfg = Release|Any CPU
		{9BE1797A-967D-4F06-9B0C-A2A7BCF1B435}.Ad-Hoc|iPhoneSimulator.Build.0 = Release|Any CPU
		{9BE1797A-967D-4F06-9B0C-A2A7BCF1B435}.Ad-Hoc|x64.ActiveCfg = Release|Any CPU
		{9BE1797A-967D-4F06-9B0C-A2A7BCF1B435}.Ad-Hoc|x64.Build.0 = Release|Any CPU
		{9BE1797A-967D-4F06-9B0C-A2A7BCF1B435}.Ad-Hoc|x86.ActiveCfg = Release|Any CPU
		{9BE1797A-967D-4F06-9B0C-A2A7BCF1B435}.Ad-Hoc|x86.Build.0 = Release|Any CPU
		{9BE1797A-967D-4F06-9B0C-A2A7BCF1B435}.AppStore|Any CPU.ActiveCfg = Release|Any CPU
		{9BE1797A-967D-4F06-9B0C-A2A7BCF1B435}.AppStore|Any CPU.Build.0 = Release|Any CPU
		{9BE1797A-967D-4F06-9B0C-A2A7BCF1B435}.AppStore|ARM.ActiveCfg = Release|Any CPU
		{9BE1797A-967D-4F06-9B0C-A2A7BCF1B435}.AppStore|ARM.Build.0 = Release|Any CPU
		{9BE1797A-967D-4F06-9B0C-A2A7BCF1B435}.AppStore|iPhone.ActiveCfg = Release|Any CPU
		{9BE1797A-967D-4F06-9B0C-A2A7BCF1B435}.AppStore|iPhone.Build.0 = Release|Any CPU
		{9BE1797A-967D-4F06-9B0C-A2A7BCF1B435}.AppStore|iPhoneSimulator.ActiveCfg = Release|Any CPU
		{9BE1797A-967D-4F06-9B0C-A2A7BCF1B435}.AppStore|iPhoneSimulator.Build.0 = Release|Any CPU
		{9BE1797A-967D-4F06-9B0C-A2A7BCF1B435}.AppStore|x64.ActiveCfg = Release|Any CPU
		{9BE1797A-967D-4F06-9B0C-A2A7BCF1B435}.AppStore|x64.Build.0 = Release|Any CPU
		{9BE1797A-967D-4F06-9B0C-A2A7BCF1B435}.AppStore|x86.ActiveCfg = Release|Any CPU
		{9BE1797A-967D-4F06-9B0C-A2A7BCF1B435}.AppStore|x86.Build.0 = Release|Any CPU
		{9BE1797A-967D-4F06-9B0C-A2A7BCF1B435}.Debug|Any CPU.ActiveCfg = Debug|Any CPU
		{9BE1797A-967D-4F06-9B0C-A2A7BCF1B435}.Debug|Any CPU.Build.0 = Debug|Any CPU
		{9BE1797A-967D-4F06-9B0C-A2A7BCF1B435}.Debug|ARM.ActiveCfg = Debug|Any CPU
		{9BE1797A-967D-4F06-9B0C-A2A7BCF1B435}.Debug|ARM.Build.0 = Debug|Any CPU
		{9BE1797A-967D-4F06-9B0C-A2A7BCF1B435}.Debug|iPhone.ActiveCfg = Debug|Any CPU
		{9BE1797A-967D-4F06-9B0C-A2A7BCF1B435}.Debug|iPhone.Build.0 = Debug|Any CPU
		{9BE1797A-967D-4F06-9B0C-A2A7BCF1B435}.Debug|iPhoneSimulator.ActiveCfg = Debug|Any CPU
		{9BE1797A-967D-4F06-9B0C-A2A7BCF1B435}.Debug|iPhoneSimulator.Build.0 = Debug|Any CPU
		{9BE1797A-967D-4F06-9B0C-A2A7BCF1B435}.Debug|x64.ActiveCfg = Debug|Any CPU
		{9BE1797A-967D-4F06-9B0C-A2A7BCF1B435}.Debug|x64.Build.0 = Debug|Any CPU
		{9BE1797A-967D-4F06-9B0C-A2A7BCF1B435}.Debug|x86.ActiveCfg = Debug|Any CPU
		{9BE1797A-967D-4F06-9B0C-A2A7BCF1B435}.Debug|x86.Build.0 = Debug|Any CPU
		{9BE1797A-967D-4F06-9B0C-A2A7BCF1B435}.Release|Any CPU.ActiveCfg = Release|Any CPU
		{9BE1797A-967D-4F06-9B0C-A2A7BCF1B435}.Release|Any CPU.Build.0 = Release|Any CPU
		{9BE1797A-967D-4F06-9B0C-A2A7BCF1B435}.Release|ARM.ActiveCfg = Release|Any CPU
		{9BE1797A-967D-4F06-9B0C-A2A7BCF1B435}.Release|ARM.Build.0 = Release|Any CPU
		{9BE1797A-967D-4F06-9B0C-A2A7BCF1B435}.Release|iPhone.ActiveCfg = Release|Any CPU
		{9BE1797A-967D-4F06-9B0C-A2A7BCF1B435}.Release|iPhone.Build.0 = Release|Any CPU
		{9BE1797A-967D-4F06-9B0C-A2A7BCF1B435}.Release|iPhoneSimulator.ActiveCfg = Release|Any CPU
		{9BE1797A-967D-4F06-9B0C-A2A7BCF1B435}.Release|iPhoneSimulator.Build.0 = Release|Any CPU
		{9BE1797A-967D-4F06-9B0C-A2A7BCF1B435}.Release|x64.ActiveCfg = Release|Any CPU
		{9BE1797A-967D-4F06-9B0C-A2A7BCF1B435}.Release|x64.Build.0 = Release|Any CPU
		{9BE1797A-967D-4F06-9B0C-A2A7BCF1B435}.Release|x86.ActiveCfg = Release|Any CPU
		{9BE1797A-967D-4F06-9B0C-A2A7BCF1B435}.Release|x86.Build.0 = Release|Any CPU
		{640AECB2-A92F-4255-A70E-9E79EE1B4930}.Ad-Hoc|Any CPU.ActiveCfg = Release|Any CPU
		{640AECB2-A92F-4255-A70E-9E79EE1B4930}.Ad-Hoc|Any CPU.Build.0 = Release|Any CPU
		{640AECB2-A92F-4255-A70E-9E79EE1B4930}.Ad-Hoc|ARM.ActiveCfg = Release|Any CPU
		{640AECB2-A92F-4255-A70E-9E79EE1B4930}.Ad-Hoc|ARM.Build.0 = Release|Any CPU
		{640AECB2-A92F-4255-A70E-9E79EE1B4930}.Ad-Hoc|iPhone.ActiveCfg = Release|Any CPU
		{640AECB2-A92F-4255-A70E-9E79EE1B4930}.Ad-Hoc|iPhone.Build.0 = Release|Any CPU
		{640AECB2-A92F-4255-A70E-9E79EE1B4930}.Ad-Hoc|iPhoneSimulator.ActiveCfg = Release|Any CPU
		{640AECB2-A92F-4255-A70E-9E79EE1B4930}.Ad-Hoc|iPhoneSimulator.Build.0 = Release|Any CPU
		{640AECB2-A92F-4255-A70E-9E79EE1B4930}.Ad-Hoc|x64.ActiveCfg = Release|Any CPU
		{640AECB2-A92F-4255-A70E-9E79EE1B4930}.Ad-Hoc|x64.Build.0 = Release|Any CPU
		{640AECB2-A92F-4255-A70E-9E79EE1B4930}.Ad-Hoc|x86.ActiveCfg = Release|Any CPU
		{640AECB2-A92F-4255-A70E-9E79EE1B4930}.Ad-Hoc|x86.Build.0 = Release|Any CPU
		{640AECB2-A92F-4255-A70E-9E79EE1B4930}.AppStore|Any CPU.ActiveCfg = Release|Any CPU
		{640AECB2-A92F-4255-A70E-9E79EE1B4930}.AppStore|Any CPU.Build.0 = Release|Any CPU
		{640AECB2-A92F-4255-A70E-9E79EE1B4930}.AppStore|ARM.ActiveCfg = Release|Any CPU
		{640AECB2-A92F-4255-A70E-9E79EE1B4930}.AppStore|ARM.Build.0 = Release|Any CPU
		{640AECB2-A92F-4255-A70E-9E79EE1B4930}.AppStore|iPhone.ActiveCfg = Release|Any CPU
		{640AECB2-A92F-4255-A70E-9E79EE1B4930}.AppStore|iPhone.Build.0 = Release|Any CPU
		{640AECB2-A92F-4255-A70E-9E79EE1B4930}.AppStore|iPhoneSimulator.ActiveCfg = Release|Any CPU
		{640AECB2-A92F-4255-A70E-9E79EE1B4930}.AppStore|iPhoneSimulator.Build.0 = Release|Any CPU
		{640AECB2-A92F-4255-A70E-9E79EE1B4930}.AppStore|x64.ActiveCfg = Release|Any CPU
		{640AECB2-A92F-4255-A70E-9E79EE1B4930}.AppStore|x64.Build.0 = Release|Any CPU
		{640AECB2-A92F-4255-A70E-9E79EE1B4930}.AppStore|x86.ActiveCfg = Release|Any CPU
		{640AECB2-A92F-4255-A70E-9E79EE1B4930}.AppStore|x86.Build.0 = Release|Any CPU
		{640AECB2-A92F-4255-A70E-9E79EE1B4930}.Debug|Any CPU.ActiveCfg = Debug|Any CPU
		{640AECB2-A92F-4255-A70E-9E79EE1B4930}.Debug|Any CPU.Build.0 = Debug|Any CPU
		{640AECB2-A92F-4255-A70E-9E79EE1B4930}.Debug|ARM.ActiveCfg = Debug|Any CPU
		{640AECB2-A92F-4255-A70E-9E79EE1B4930}.Debug|ARM.Build.0 = Debug|Any CPU
		{640AECB2-A92F-4255-A70E-9E79EE1B4930}.Debug|iPhone.ActiveCfg = Debug|Any CPU
		{640AECB2-A92F-4255-A70E-9E79EE1B4930}.Debug|iPhone.Build.0 = Debug|Any CPU
		{640AECB2-A92F-4255-A70E-9E79EE1B4930}.Debug|iPhoneSimulator.ActiveCfg = Debug|Any CPU
		{640AECB2-A92F-4255-A70E-9E79EE1B4930}.Debug|iPhoneSimulator.Build.0 = Debug|Any CPU
		{640AECB2-A92F-4255-A70E-9E79EE1B4930}.Debug|x64.ActiveCfg = Debug|Any CPU
		{640AECB2-A92F-4255-A70E-9E79EE1B4930}.Debug|x64.Build.0 = Debug|Any CPU
		{640AECB2-A92F-4255-A70E-9E79EE1B4930}.Debug|x86.ActiveCfg = Debug|Any CPU
		{640AECB2-A92F-4255-A70E-9E79EE1B4930}.Debug|x86.Build.0 = Debug|Any CPU
		{640AECB2-A92F-4255-A70E-9E79EE1B4930}.Release|Any CPU.ActiveCfg = Release|Any CPU
		{640AECB2-A92F-4255-A70E-9E79EE1B4930}.Release|Any CPU.Build.0 = Release|Any CPU
		{640AECB2-A92F-4255-A70E-9E79EE1B4930}.Release|ARM.ActiveCfg = Release|Any CPU
		{640AECB2-A92F-4255-A70E-9E79EE1B4930}.Release|ARM.Build.0 = Release|Any CPU
		{640AECB2-A92F-4255-A70E-9E79EE1B4930}.Release|iPhone.ActiveCfg = Release|Any CPU
		{640AECB2-A92F-4255-A70E-9E79EE1B4930}.Release|iPhone.Build.0 = Release|Any CPU
		{640AECB2-A92F-4255-A70E-9E79EE1B4930}.Release|iPhoneSimulator.ActiveCfg = Release|Any CPU
		{640AECB2-A92F-4255-A70E-9E79EE1B4930}.Release|iPhoneSimulator.Build.0 = Release|Any CPU
		{640AECB2-A92F-4255-A70E-9E79EE1B4930}.Release|x64.ActiveCfg = Release|Any CPU
		{640AECB2-A92F-4255-A70E-9E79EE1B4930}.Release|x64.Build.0 = Release|Any CPU
		{640AECB2-A92F-4255-A70E-9E79EE1B4930}.Release|x86.ActiveCfg = Release|Any CPU
		{640AECB2-A92F-4255-A70E-9E79EE1B4930}.Release|x86.Build.0 = Release|Any CPU
		{A73236F0-6C32-4DE9-A7D1-4173A3B3AD3D}.Ad-Hoc|Any CPU.ActiveCfg = Release|Any CPU
		{A73236F0-6C32-4DE9-A7D1-4173A3B3AD3D}.Ad-Hoc|Any CPU.Build.0 = Release|Any CPU
		{A73236F0-6C32-4DE9-A7D1-4173A3B3AD3D}.Ad-Hoc|ARM.ActiveCfg = Release|Any CPU
		{A73236F0-6C32-4DE9-A7D1-4173A3B3AD3D}.Ad-Hoc|ARM.Build.0 = Release|Any CPU
		{A73236F0-6C32-4DE9-A7D1-4173A3B3AD3D}.Ad-Hoc|iPhone.ActiveCfg = Release|Any CPU
		{A73236F0-6C32-4DE9-A7D1-4173A3B3AD3D}.Ad-Hoc|iPhone.Build.0 = Release|Any CPU
		{A73236F0-6C32-4DE9-A7D1-4173A3B3AD3D}.Ad-Hoc|iPhoneSimulator.ActiveCfg = Release|Any CPU
		{A73236F0-6C32-4DE9-A7D1-4173A3B3AD3D}.Ad-Hoc|iPhoneSimulator.Build.0 = Release|Any CPU
		{A73236F0-6C32-4DE9-A7D1-4173A3B3AD3D}.Ad-Hoc|x64.ActiveCfg = Release|Any CPU
		{A73236F0-6C32-4DE9-A7D1-4173A3B3AD3D}.Ad-Hoc|x64.Build.0 = Release|Any CPU
		{A73236F0-6C32-4DE9-A7D1-4173A3B3AD3D}.Ad-Hoc|x86.ActiveCfg = Release|Any CPU
		{A73236F0-6C32-4DE9-A7D1-4173A3B3AD3D}.Ad-Hoc|x86.Build.0 = Release|Any CPU
		{A73236F0-6C32-4DE9-A7D1-4173A3B3AD3D}.AppStore|Any CPU.ActiveCfg = Release|Any CPU
		{A73236F0-6C32-4DE9-A7D1-4173A3B3AD3D}.AppStore|Any CPU.Build.0 = Release|Any CPU
		{A73236F0-6C32-4DE9-A7D1-4173A3B3AD3D}.AppStore|ARM.ActiveCfg = Release|Any CPU
		{A73236F0-6C32-4DE9-A7D1-4173A3B3AD3D}.AppStore|ARM.Build.0 = Release|Any CPU
		{A73236F0-6C32-4DE9-A7D1-4173A3B3AD3D}.AppStore|iPhone.ActiveCfg = Release|Any CPU
		{A73236F0-6C32-4DE9-A7D1-4173A3B3AD3D}.AppStore|iPhone.Build.0 = Release|Any CPU
		{A73236F0-6C32-4DE9-A7D1-4173A3B3AD3D}.AppStore|iPhoneSimulator.ActiveCfg = Release|Any CPU
		{A73236F0-6C32-4DE9-A7D1-4173A3B3AD3D}.AppStore|iPhoneSimulator.Build.0 = Release|Any CPU
		{A73236F0-6C32-4DE9-A7D1-4173A3B3AD3D}.AppStore|x64.ActiveCfg = Release|Any CPU
		{A73236F0-6C32-4DE9-A7D1-4173A3B3AD3D}.AppStore|x64.Build.0 = Release|Any CPU
		{A73236F0-6C32-4DE9-A7D1-4173A3B3AD3D}.AppStore|x86.ActiveCfg = Release|Any CPU
		{A73236F0-6C32-4DE9-A7D1-4173A3B3AD3D}.AppStore|x86.Build.0 = Release|Any CPU
		{A73236F0-6C32-4DE9-A7D1-4173A3B3AD3D}.Debug|Any CPU.ActiveCfg = Debug|Any CPU
		{A73236F0-6C32-4DE9-A7D1-4173A3B3AD3D}.Debug|Any CPU.Build.0 = Debug|Any CPU
		{A73236F0-6C32-4DE9-A7D1-4173A3B3AD3D}.Debug|ARM.ActiveCfg = Debug|Any CPU
		{A73236F0-6C32-4DE9-A7D1-4173A3B3AD3D}.Debug|ARM.Build.0 = Debug|Any CPU
		{A73236F0-6C32-4DE9-A7D1-4173A3B3AD3D}.Debug|iPhone.ActiveCfg = Debug|Any CPU
		{A73236F0-6C32-4DE9-A7D1-4173A3B3AD3D}.Debug|iPhone.Build.0 = Debug|Any CPU
		{A73236F0-6C32-4DE9-A7D1-4173A3B3AD3D}.Debug|iPhoneSimulator.ActiveCfg = Debug|Any CPU
		{A73236F0-6C32-4DE9-A7D1-4173A3B3AD3D}.Debug|iPhoneSimulator.Build.0 = Debug|Any CPU
		{A73236F0-6C32-4DE9-A7D1-4173A3B3AD3D}.Debug|x64.ActiveCfg = Debug|Any CPU
		{A73236F0-6C32-4DE9-A7D1-4173A3B3AD3D}.Debug|x64.Build.0 = Debug|Any CPU
		{A73236F0-6C32-4DE9-A7D1-4173A3B3AD3D}.Debug|x86.ActiveCfg = Debug|Any CPU
		{A73236F0-6C32-4DE9-A7D1-4173A3B3AD3D}.Debug|x86.Build.0 = Debug|Any CPU
		{A73236F0-6C32-4DE9-A7D1-4173A3B3AD3D}.Release|Any CPU.ActiveCfg = Release|Any CPU
		{A73236F0-6C32-4DE9-A7D1-4173A3B3AD3D}.Release|Any CPU.Build.0 = Release|Any CPU
		{A73236F0-6C32-4DE9-A7D1-4173A3B3AD3D}.Release|ARM.ActiveCfg = Release|Any CPU
		{A73236F0-6C32-4DE9-A7D1-4173A3B3AD3D}.Release|ARM.Build.0 = Release|Any CPU
		{A73236F0-6C32-4DE9-A7D1-4173A3B3AD3D}.Release|iPhone.ActiveCfg = Release|Any CPU
		{A73236F0-6C32-4DE9-A7D1-4173A3B3AD3D}.Release|iPhone.Build.0 = Release|Any CPU
		{A73236F0-6C32-4DE9-A7D1-4173A3B3AD3D}.Release|iPhoneSimulator.ActiveCfg = Release|Any CPU
		{A73236F0-6C32-4DE9-A7D1-4173A3B3AD3D}.Release|iPhoneSimulator.Build.0 = Release|Any CPU
		{A73236F0-6C32-4DE9-A7D1-4173A3B3AD3D}.Release|x64.ActiveCfg = Release|Any CPU
		{A73236F0-6C32-4DE9-A7D1-4173A3B3AD3D}.Release|x64.Build.0 = Release|Any CPU
		{A73236F0-6C32-4DE9-A7D1-4173A3B3AD3D}.Release|x86.ActiveCfg = Release|Any CPU
		{A73236F0-6C32-4DE9-A7D1-4173A3B3AD3D}.Release|x86.Build.0 = Release|Any CPU
		{BA56F824-2A99-45FD-8ADB-3AF0A7AA3848}.Ad-Hoc|Any CPU.ActiveCfg = Release|Any CPU
		{BA56F824-2A99-45FD-8ADB-3AF0A7AA3848}.Ad-Hoc|Any CPU.Build.0 = Release|Any CPU
		{BA56F824-2A99-45FD-8ADB-3AF0A7AA3848}.Ad-Hoc|ARM.ActiveCfg = Release|Any CPU
		{BA56F824-2A99-45FD-8ADB-3AF0A7AA3848}.Ad-Hoc|ARM.Build.0 = Release|Any CPU
		{BA56F824-2A99-45FD-8ADB-3AF0A7AA3848}.Ad-Hoc|iPhone.ActiveCfg = Release|Any CPU
		{BA56F824-2A99-45FD-8ADB-3AF0A7AA3848}.Ad-Hoc|iPhone.Build.0 = Release|Any CPU
		{BA56F824-2A99-45FD-8ADB-3AF0A7AA3848}.Ad-Hoc|iPhoneSimulator.ActiveCfg = Release|Any CPU
		{BA56F824-2A99-45FD-8ADB-3AF0A7AA3848}.Ad-Hoc|iPhoneSimulator.Build.0 = Release|Any CPU
		{BA56F824-2A99-45FD-8ADB-3AF0A7AA3848}.Ad-Hoc|x64.ActiveCfg = Release|Any CPU
		{BA56F824-2A99-45FD-8ADB-3AF0A7AA3848}.Ad-Hoc|x64.Build.0 = Release|Any CPU
		{BA56F824-2A99-45FD-8ADB-3AF0A7AA3848}.Ad-Hoc|x86.ActiveCfg = Release|Any CPU
		{BA56F824-2A99-45FD-8ADB-3AF0A7AA3848}.Ad-Hoc|x86.Build.0 = Release|Any CPU
		{BA56F824-2A99-45FD-8ADB-3AF0A7AA3848}.AppStore|Any CPU.ActiveCfg = Release|Any CPU
		{BA56F824-2A99-45FD-8ADB-3AF0A7AA3848}.AppStore|Any CPU.Build.0 = Release|Any CPU
		{BA56F824-2A99-45FD-8ADB-3AF0A7AA3848}.AppStore|ARM.ActiveCfg = Release|Any CPU
		{BA56F824-2A99-45FD-8ADB-3AF0A7AA3848}.AppStore|ARM.Build.0 = Release|Any CPU
		{BA56F824-2A99-45FD-8ADB-3AF0A7AA3848}.AppStore|iPhone.ActiveCfg = Release|Any CPU
		{BA56F824-2A99-45FD-8ADB-3AF0A7AA3848}.AppStore|iPhone.Build.0 = Release|Any CPU
		{BA56F824-2A99-45FD-8ADB-3AF0A7AA3848}.AppStore|iPhoneSimulator.ActiveCfg = Release|Any CPU
		{BA56F824-2A99-45FD-8ADB-3AF0A7AA3848}.AppStore|iPhoneSimulator.Build.0 = Release|Any CPU
		{BA56F824-2A99-45FD-8ADB-3AF0A7AA3848}.AppStore|x64.ActiveCfg = Release|Any CPU
		{BA56F824-2A99-45FD-8ADB-3AF0A7AA3848}.AppStore|x64.Build.0 = Release|Any CPU
		{BA56F824-2A99-45FD-8ADB-3AF0A7AA3848}.AppStore|x86.ActiveCfg = Release|Any CPU
		{BA56F824-2A99-45FD-8ADB-3AF0A7AA3848}.AppStore|x86.Build.0 = Release|Any CPU
		{BA56F824-2A99-45FD-8ADB-3AF0A7AA3848}.Debug|Any CPU.ActiveCfg = Debug|Any CPU
		{BA56F824-2A99-45FD-8ADB-3AF0A7AA3848}.Debug|Any CPU.Build.0 = Debug|Any CPU
		{BA56F824-2A99-45FD-8ADB-3AF0A7AA3848}.Debug|ARM.ActiveCfg = Debug|Any CPU
		{BA56F824-2A99-45FD-8ADB-3AF0A7AA3848}.Debug|ARM.Build.0 = Debug|Any CPU
		{BA56F824-2A99-45FD-8ADB-3AF0A7AA3848}.Debug|iPhone.ActiveCfg = Debug|Any CPU
		{BA56F824-2A99-45FD-8ADB-3AF0A7AA3848}.Debug|iPhone.Build.0 = Debug|Any CPU
		{BA56F824-2A99-45FD-8ADB-3AF0A7AA3848}.Debug|iPhoneSimulator.ActiveCfg = Debug|Any CPU
		{BA56F824-2A99-45FD-8ADB-3AF0A7AA3848}.Debug|iPhoneSimulator.Build.0 = Debug|Any CPU
		{BA56F824-2A99-45FD-8ADB-3AF0A7AA3848}.Debug|x64.ActiveCfg = Debug|Any CPU
		{BA56F824-2A99-45FD-8ADB-3AF0A7AA3848}.Debug|x64.Build.0 = Debug|Any CPU
		{BA56F824-2A99-45FD-8ADB-3AF0A7AA3848}.Debug|x86.ActiveCfg = Debug|Any CPU
		{BA56F824-2A99-45FD-8ADB-3AF0A7AA3848}.Debug|x86.Build.0 = Debug|Any CPU
		{BA56F824-2A99-45FD-8ADB-3AF0A7AA3848}.Release|Any CPU.ActiveCfg = Release|Any CPU
		{BA56F824-2A99-45FD-8ADB-3AF0A7AA3848}.Release|Any CPU.Build.0 = Release|Any CPU
		{BA56F824-2A99-45FD-8ADB-3AF0A7AA3848}.Release|ARM.ActiveCfg = Release|Any CPU
		{BA56F824-2A99-45FD-8ADB-3AF0A7AA3848}.Release|ARM.Build.0 = Release|Any CPU
		{BA56F824-2A99-45FD-8ADB-3AF0A7AA3848}.Release|iPhone.ActiveCfg = Release|Any CPU
		{BA56F824-2A99-45FD-8ADB-3AF0A7AA3848}.Release|iPhone.Build.0 = Release|Any CPU
		{BA56F824-2A99-45FD-8ADB-3AF0A7AA3848}.Release|iPhoneSimulator.ActiveCfg = Release|Any CPU
		{BA56F824-2A99-45FD-8ADB-3AF0A7AA3848}.Release|iPhoneSimulator.Build.0 = Release|Any CPU
		{BA56F824-2A99-45FD-8ADB-3AF0A7AA3848}.Release|x64.ActiveCfg = Release|Any CPU
		{BA56F824-2A99-45FD-8ADB-3AF0A7AA3848}.Release|x64.Build.0 = Release|Any CPU
		{BA56F824-2A99-45FD-8ADB-3AF0A7AA3848}.Release|x86.ActiveCfg = Release|Any CPU
		{BA56F824-2A99-45FD-8ADB-3AF0A7AA3848}.Release|x86.Build.0 = Release|Any CPU
		{22C43546-44B5-457B-814C-B9C7AA017C15}.Ad-Hoc|Any CPU.ActiveCfg = Release|Any CPU
		{22C43546-44B5-457B-814C-B9C7AA017C15}.Ad-Hoc|Any CPU.Build.0 = Release|Any CPU
		{22C43546-44B5-457B-814C-B9C7AA017C15}.Ad-Hoc|ARM.ActiveCfg = Release|Any CPU
		{22C43546-44B5-457B-814C-B9C7AA017C15}.Ad-Hoc|ARM.Build.0 = Release|Any CPU
		{22C43546-44B5-457B-814C-B9C7AA017C15}.Ad-Hoc|iPhone.ActiveCfg = Release|Any CPU
		{22C43546-44B5-457B-814C-B9C7AA017C15}.Ad-Hoc|iPhone.Build.0 = Release|Any CPU
		{22C43546-44B5-457B-814C-B9C7AA017C15}.Ad-Hoc|iPhoneSimulator.ActiveCfg = Release|Any CPU
		{22C43546-44B5-457B-814C-B9C7AA017C15}.Ad-Hoc|iPhoneSimulator.Build.0 = Release|Any CPU
		{22C43546-44B5-457B-814C-B9C7AA017C15}.Ad-Hoc|x64.ActiveCfg = Release|Any CPU
		{22C43546-44B5-457B-814C-B9C7AA017C15}.Ad-Hoc|x64.Build.0 = Release|Any CPU
		{22C43546-44B5-457B-814C-B9C7AA017C15}.Ad-Hoc|x86.ActiveCfg = Release|Any CPU
		{22C43546-44B5-457B-814C-B9C7AA017C15}.Ad-Hoc|x86.Build.0 = Release|Any CPU
		{22C43546-44B5-457B-814C-B9C7AA017C15}.AppStore|Any CPU.ActiveCfg = Release|Any CPU
		{22C43546-44B5-457B-814C-B9C7AA017C15}.AppStore|Any CPU.Build.0 = Release|Any CPU
		{22C43546-44B5-457B-814C-B9C7AA017C15}.AppStore|ARM.ActiveCfg = Release|Any CPU
		{22C43546-44B5-457B-814C-B9C7AA017C15}.AppStore|ARM.Build.0 = Release|Any CPU
		{22C43546-44B5-457B-814C-B9C7AA017C15}.AppStore|iPhone.ActiveCfg = Release|Any CPU
		{22C43546-44B5-457B-814C-B9C7AA017C15}.AppStore|iPhone.Build.0 = Release|Any CPU
		{22C43546-44B5-457B-814C-B9C7AA017C15}.AppStore|iPhoneSimulator.ActiveCfg = Release|Any CPU
		{22C43546-44B5-457B-814C-B9C7AA017C15}.AppStore|iPhoneSimulator.Build.0 = Release|Any CPU
		{22C43546-44B5-457B-814C-B9C7AA017C15}.AppStore|x64.ActiveCfg = Release|Any CPU
		{22C43546-44B5-457B-814C-B9C7AA017C15}.AppStore|x64.Build.0 = Release|Any CPU
		{22C43546-44B5-457B-814C-B9C7AA017C15}.AppStore|x86.ActiveCfg = Release|Any CPU
		{22C43546-44B5-457B-814C-B9C7AA017C15}.AppStore|x86.Build.0 = Release|Any CPU
		{22C43546-44B5-457B-814C-B9C7AA017C15}.Debug|Any CPU.ActiveCfg = Debug|Any CPU
		{22C43546-44B5-457B-814C-B9C7AA017C15}.Debug|Any CPU.Build.0 = Debug|Any CPU
		{22C43546-44B5-457B-814C-B9C7AA017C15}.Debug|ARM.ActiveCfg = Debug|Any CPU
		{22C43546-44B5-457B-814C-B9C7AA017C15}.Debug|ARM.Build.0 = Debug|Any CPU
		{22C43546-44B5-457B-814C-B9C7AA017C15}.Debug|iPhone.ActiveCfg = Debug|Any CPU
		{22C43546-44B5-457B-814C-B9C7AA017C15}.Debug|iPhone.Build.0 = Debug|Any CPU
		{22C43546-44B5-457B-814C-B9C7AA017C15}.Debug|iPhoneSimulator.ActiveCfg = Debug|Any CPU
		{22C43546-44B5-457B-814C-B9C7AA017C15}.Debug|iPhoneSimulator.Build.0 = Debug|Any CPU
		{22C43546-44B5-457B-814C-B9C7AA017C15}.Debug|x64.ActiveCfg = Debug|Any CPU
		{22C43546-44B5-457B-814C-B9C7AA017C15}.Debug|x64.Build.0 = Debug|Any CPU
		{22C43546-44B5-457B-814C-B9C7AA017C15}.Debug|x86.ActiveCfg = Debug|Any CPU
		{22C43546-44B5-457B-814C-B9C7AA017C15}.Debug|x86.Build.0 = Debug|Any CPU
		{22C43546-44B5-457B-814C-B9C7AA017C15}.Release|Any CPU.ActiveCfg = Release|Any CPU
		{22C43546-44B5-457B-814C-B9C7AA017C15}.Release|Any CPU.Build.0 = Release|Any CPU
		{22C43546-44B5-457B-814C-B9C7AA017C15}.Release|ARM.ActiveCfg = Release|Any CPU
		{22C43546-44B5-457B-814C-B9C7AA017C15}.Release|ARM.Build.0 = Release|Any CPU
		{22C43546-44B5-457B-814C-B9C7AA017C15}.Release|iPhone.ActiveCfg = Release|Any CPU
		{22C43546-44B5-457B-814C-B9C7AA017C15}.Release|iPhone.Build.0 = Release|Any CPU
		{22C43546-44B5-457B-814C-B9C7AA017C15}.Release|iPhoneSimulator.ActiveCfg = Release|Any CPU
		{22C43546-44B5-457B-814C-B9C7AA017C15}.Release|iPhoneSimulator.Build.0 = Release|Any CPU
		{22C43546-44B5-457B-814C-B9C7AA017C15}.Release|x64.ActiveCfg = Release|Any CPU
		{22C43546-44B5-457B-814C-B9C7AA017C15}.Release|x64.Build.0 = Release|Any CPU
		{22C43546-44B5-457B-814C-B9C7AA017C15}.Release|x86.ActiveCfg = Release|Any CPU
		{22C43546-44B5-457B-814C-B9C7AA017C15}.Release|x86.Build.0 = Release|Any CPU
		{62F22F6E-35D1-49DB-8FCD-83520AED48B4}.Ad-Hoc|Any CPU.ActiveCfg = Release|Any CPU
		{62F22F6E-35D1-49DB-8FCD-83520AED48B4}.Ad-Hoc|Any CPU.Build.0 = Release|Any CPU
		{62F22F6E-35D1-49DB-8FCD-83520AED48B4}.Ad-Hoc|ARM.ActiveCfg = Release|Any CPU
		{62F22F6E-35D1-49DB-8FCD-83520AED48B4}.Ad-Hoc|ARM.Build.0 = Release|Any CPU
		{62F22F6E-35D1-49DB-8FCD-83520AED48B4}.Ad-Hoc|iPhone.ActiveCfg = Release|Any CPU
		{62F22F6E-35D1-49DB-8FCD-83520AED48B4}.Ad-Hoc|iPhone.Build.0 = Release|Any CPU
		{62F22F6E-35D1-49DB-8FCD-83520AED48B4}.Ad-Hoc|iPhoneSimulator.ActiveCfg = Release|Any CPU
		{62F22F6E-35D1-49DB-8FCD-83520AED48B4}.Ad-Hoc|iPhoneSimulator.Build.0 = Release|Any CPU
		{62F22F6E-35D1-49DB-8FCD-83520AED48B4}.Ad-Hoc|x64.ActiveCfg = Release|Any CPU
		{62F22F6E-35D1-49DB-8FCD-83520AED48B4}.Ad-Hoc|x64.Build.0 = Release|Any CPU
		{62F22F6E-35D1-49DB-8FCD-83520AED48B4}.Ad-Hoc|x86.ActiveCfg = Release|Any CPU
		{62F22F6E-35D1-49DB-8FCD-83520AED48B4}.Ad-Hoc|x86.Build.0 = Release|Any CPU
		{62F22F6E-35D1-49DB-8FCD-83520AED48B4}.AppStore|Any CPU.ActiveCfg = Release|Any CPU
		{62F22F6E-35D1-49DB-8FCD-83520AED48B4}.AppStore|Any CPU.Build.0 = Release|Any CPU
		{62F22F6E-35D1-49DB-8FCD-83520AED48B4}.AppStore|ARM.ActiveCfg = Release|Any CPU
		{62F22F6E-35D1-49DB-8FCD-83520AED48B4}.AppStore|ARM.Build.0 = Release|Any CPU
		{62F22F6E-35D1-49DB-8FCD-83520AED48B4}.AppStore|iPhone.ActiveCfg = Release|Any CPU
		{62F22F6E-35D1-49DB-8FCD-83520AED48B4}.AppStore|iPhone.Build.0 = Release|Any CPU
		{62F22F6E-35D1-49DB-8FCD-83520AED48B4}.AppStore|iPhoneSimulator.ActiveCfg = Release|Any CPU
		{62F22F6E-35D1-49DB-8FCD-83520AED48B4}.AppStore|iPhoneSimulator.Build.0 = Release|Any CPU
		{62F22F6E-35D1-49DB-8FCD-83520AED48B4}.AppStore|x64.ActiveCfg = Release|Any CPU
		{62F22F6E-35D1-49DB-8FCD-83520AED48B4}.AppStore|x64.Build.0 = Release|Any CPU
		{62F22F6E-35D1-49DB-8FCD-83520AED48B4}.AppStore|x86.ActiveCfg = Release|Any CPU
		{62F22F6E-35D1-49DB-8FCD-83520AED48B4}.AppStore|x86.Build.0 = Release|Any CPU
		{62F22F6E-35D1-49DB-8FCD-83520AED48B4}.Debug|Any CPU.ActiveCfg = Debug|Any CPU
		{62F22F6E-35D1-49DB-8FCD-83520AED48B4}.Debug|Any CPU.Build.0 = Debug|Any CPU
		{62F22F6E-35D1-49DB-8FCD-83520AED48B4}.Debug|ARM.ActiveCfg = Debug|Any CPU
		{62F22F6E-35D1-49DB-8FCD-83520AED48B4}.Debug|ARM.Build.0 = Debug|Any CPU
		{62F22F6E-35D1-49DB-8FCD-83520AED48B4}.Debug|iPhone.ActiveCfg = Debug|Any CPU
		{62F22F6E-35D1-49DB-8FCD-83520AED48B4}.Debug|iPhone.Build.0 = Debug|Any CPU
		{62F22F6E-35D1-49DB-8FCD-83520AED48B4}.Debug|iPhoneSimulator.ActiveCfg = Debug|Any CPU
		{62F22F6E-35D1-49DB-8FCD-83520AED48B4}.Debug|iPhoneSimulator.Build.0 = Debug|Any CPU
		{62F22F6E-35D1-49DB-8FCD-83520AED48B4}.Debug|x64.ActiveCfg = Debug|Any CPU
		{62F22F6E-35D1-49DB-8FCD-83520AED48B4}.Debug|x64.Build.0 = Debug|Any CPU
		{62F22F6E-35D1-49DB-8FCD-83520AED48B4}.Debug|x86.ActiveCfg = Debug|Any CPU
		{62F22F6E-35D1-49DB-8FCD-83520AED48B4}.Debug|x86.Build.0 = Debug|Any CPU
		{62F22F6E-35D1-49DB-8FCD-83520AED48B4}.Release|Any CPU.ActiveCfg = Release|Any CPU
		{62F22F6E-35D1-49DB-8FCD-83520AED48B4}.Release|Any CPU.Build.0 = Release|Any CPU
		{62F22F6E-35D1-49DB-8FCD-83520AED48B4}.Release|ARM.ActiveCfg = Release|Any CPU
		{62F22F6E-35D1-49DB-8FCD-83520AED48B4}.Release|ARM.Build.0 = Release|Any CPU
		{62F22F6E-35D1-49DB-8FCD-83520AED48B4}.Release|iPhone.ActiveCfg = Release|Any CPU
		{62F22F6E-35D1-49DB-8FCD-83520AED48B4}.Release|iPhone.Build.0 = Release|Any CPU
		{62F22F6E-35D1-49DB-8FCD-83520AED48B4}.Release|iPhoneSimulator.ActiveCfg = Release|Any CPU
		{62F22F6E-35D1-49DB-8FCD-83520AED48B4}.Release|iPhoneSimulator.Build.0 = Release|Any CPU
		{62F22F6E-35D1-49DB-8FCD-83520AED48B4}.Release|x64.ActiveCfg = Release|Any CPU
		{62F22F6E-35D1-49DB-8FCD-83520AED48B4}.Release|x64.Build.0 = Release|Any CPU
		{62F22F6E-35D1-49DB-8FCD-83520AED48B4}.Release|x86.ActiveCfg = Release|Any CPU
		{62F22F6E-35D1-49DB-8FCD-83520AED48B4}.Release|x86.Build.0 = Release|Any CPU
		{C21D979F-0BE4-46BD-A11B-8D9FDDC77965}.Ad-Hoc|Any CPU.ActiveCfg = Release|Any CPU
		{C21D979F-0BE4-46BD-A11B-8D9FDDC77965}.Ad-Hoc|Any CPU.Build.0 = Release|Any CPU
		{C21D979F-0BE4-46BD-A11B-8D9FDDC77965}.Ad-Hoc|ARM.ActiveCfg = Release|Any CPU
		{C21D979F-0BE4-46BD-A11B-8D9FDDC77965}.Ad-Hoc|ARM.Build.0 = Release|Any CPU
		{C21D979F-0BE4-46BD-A11B-8D9FDDC77965}.Ad-Hoc|iPhone.ActiveCfg = Release|Any CPU
		{C21D979F-0BE4-46BD-A11B-8D9FDDC77965}.Ad-Hoc|iPhone.Build.0 = Release|Any CPU
		{C21D979F-0BE4-46BD-A11B-8D9FDDC77965}.Ad-Hoc|iPhoneSimulator.ActiveCfg = Release|Any CPU
		{C21D979F-0BE4-46BD-A11B-8D9FDDC77965}.Ad-Hoc|iPhoneSimulator.Build.0 = Release|Any CPU
		{C21D979F-0BE4-46BD-A11B-8D9FDDC77965}.Ad-Hoc|x64.ActiveCfg = Release|Any CPU
		{C21D979F-0BE4-46BD-A11B-8D9FDDC77965}.Ad-Hoc|x64.Build.0 = Release|Any CPU
		{C21D979F-0BE4-46BD-A11B-8D9FDDC77965}.Ad-Hoc|x86.ActiveCfg = Release|Any CPU
		{C21D979F-0BE4-46BD-A11B-8D9FDDC77965}.Ad-Hoc|x86.Build.0 = Release|Any CPU
		{C21D979F-0BE4-46BD-A11B-8D9FDDC77965}.AppStore|Any CPU.ActiveCfg = Release|Any CPU
		{C21D979F-0BE4-46BD-A11B-8D9FDDC77965}.AppStore|Any CPU.Build.0 = Release|Any CPU
		{C21D979F-0BE4-46BD-A11B-8D9FDDC77965}.AppStore|ARM.ActiveCfg = Release|Any CPU
		{C21D979F-0BE4-46BD-A11B-8D9FDDC77965}.AppStore|ARM.Build.0 = Release|Any CPU
		{C21D979F-0BE4-46BD-A11B-8D9FDDC77965}.AppStore|iPhone.ActiveCfg = Release|Any CPU
		{C21D979F-0BE4-46BD-A11B-8D9FDDC77965}.AppStore|iPhone.Build.0 = Release|Any CPU
		{C21D979F-0BE4-46BD-A11B-8D9FDDC77965}.AppStore|iPhoneSimulator.ActiveCfg = Release|Any CPU
		{C21D979F-0BE4-46BD-A11B-8D9FDDC77965}.AppStore|iPhoneSimulator.Build.0 = Release|Any CPU
		{C21D979F-0BE4-46BD-A11B-8D9FDDC77965}.AppStore|x64.ActiveCfg = Release|Any CPU
		{C21D979F-0BE4-46BD-A11B-8D9FDDC77965}.AppStore|x64.Build.0 = Release|Any CPU
		{C21D979F-0BE4-46BD-A11B-8D9FDDC77965}.AppStore|x86.ActiveCfg = Release|Any CPU
		{C21D979F-0BE4-46BD-A11B-8D9FDDC77965}.AppStore|x86.Build.0 = Release|Any CPU
		{C21D979F-0BE4-46BD-A11B-8D9FDDC77965}.Debug|Any CPU.ActiveCfg = Debug|Any CPU
		{C21D979F-0BE4-46BD-A11B-8D9FDDC77965}.Debug|Any CPU.Build.0 = Debug|Any CPU
		{C21D979F-0BE4-46BD-A11B-8D9FDDC77965}.Debug|ARM.ActiveCfg = Debug|Any CPU
		{C21D979F-0BE4-46BD-A11B-8D9FDDC77965}.Debug|ARM.Build.0 = Debug|Any CPU
		{C21D979F-0BE4-46BD-A11B-8D9FDDC77965}.Debug|iPhone.ActiveCfg = Debug|Any CPU
		{C21D979F-0BE4-46BD-A11B-8D9FDDC77965}.Debug|iPhone.Build.0 = Debug|Any CPU
		{C21D979F-0BE4-46BD-A11B-8D9FDDC77965}.Debug|iPhoneSimulator.ActiveCfg = Debug|Any CPU
		{C21D979F-0BE4-46BD-A11B-8D9FDDC77965}.Debug|iPhoneSimulator.Build.0 = Debug|Any CPU
		{C21D979F-0BE4-46BD-A11B-8D9FDDC77965}.Debug|x64.ActiveCfg = Debug|Any CPU
		{C21D979F-0BE4-46BD-A11B-8D9FDDC77965}.Debug|x64.Build.0 = Debug|Any CPU
		{C21D979F-0BE4-46BD-A11B-8D9FDDC77965}.Debug|x86.ActiveCfg = Debug|Any CPU
		{C21D979F-0BE4-46BD-A11B-8D9FDDC77965}.Debug|x86.Build.0 = Debug|Any CPU
		{C21D979F-0BE4-46BD-A11B-8D9FDDC77965}.Release|Any CPU.ActiveCfg = Release|Any CPU
		{C21D979F-0BE4-46BD-A11B-8D9FDDC77965}.Release|Any CPU.Build.0 = Release|Any CPU
		{C21D979F-0BE4-46BD-A11B-8D9FDDC77965}.Release|ARM.ActiveCfg = Release|Any CPU
		{C21D979F-0BE4-46BD-A11B-8D9FDDC77965}.Release|ARM.Build.0 = Release|Any CPU
		{C21D979F-0BE4-46BD-A11B-8D9FDDC77965}.Release|iPhone.ActiveCfg = Release|Any CPU
		{C21D979F-0BE4-46BD-A11B-8D9FDDC77965}.Release|iPhone.Build.0 = Release|Any CPU
		{C21D979F-0BE4-46BD-A11B-8D9FDDC77965}.Release|iPhoneSimulator.ActiveCfg = Release|Any CPU
		{C21D979F-0BE4-46BD-A11B-8D9FDDC77965}.Release|iPhoneSimulator.Build.0 = Release|Any CPU
		{C21D979F-0BE4-46BD-A11B-8D9FDDC77965}.Release|x64.ActiveCfg = Release|Any CPU
		{C21D979F-0BE4-46BD-A11B-8D9FDDC77965}.Release|x64.Build.0 = Release|Any CPU
		{C21D979F-0BE4-46BD-A11B-8D9FDDC77965}.Release|x86.ActiveCfg = Release|Any CPU
		{C21D979F-0BE4-46BD-A11B-8D9FDDC77965}.Release|x86.Build.0 = Release|Any CPU
		{5B23F8BF-DB18-4C02-A476-1E9FA0C39CB3}.Ad-Hoc|Any CPU.ActiveCfg = Release|Any CPU
		{5B23F8BF-DB18-4C02-A476-1E9FA0C39CB3}.Ad-Hoc|Any CPU.Build.0 = Release|Any CPU
		{5B23F8BF-DB18-4C02-A476-1E9FA0C39CB3}.Ad-Hoc|ARM.ActiveCfg = Release|Any CPU
		{5B23F8BF-DB18-4C02-A476-1E9FA0C39CB3}.Ad-Hoc|ARM.Build.0 = Release|Any CPU
		{5B23F8BF-DB18-4C02-A476-1E9FA0C39CB3}.Ad-Hoc|iPhone.ActiveCfg = Release|Any CPU
		{5B23F8BF-DB18-4C02-A476-1E9FA0C39CB3}.Ad-Hoc|iPhone.Build.0 = Release|Any CPU
		{5B23F8BF-DB18-4C02-A476-1E9FA0C39CB3}.Ad-Hoc|iPhoneSimulator.ActiveCfg = Release|Any CPU
		{5B23F8BF-DB18-4C02-A476-1E9FA0C39CB3}.Ad-Hoc|iPhoneSimulator.Build.0 = Release|Any CPU
		{5B23F8BF-DB18-4C02-A476-1E9FA0C39CB3}.Ad-Hoc|x64.ActiveCfg = Release|Any CPU
		{5B23F8BF-DB18-4C02-A476-1E9FA0C39CB3}.Ad-Hoc|x64.Build.0 = Release|Any CPU
		{5B23F8BF-DB18-4C02-A476-1E9FA0C39CB3}.Ad-Hoc|x86.ActiveCfg = Release|Any CPU
		{5B23F8BF-DB18-4C02-A476-1E9FA0C39CB3}.Ad-Hoc|x86.Build.0 = Release|Any CPU
		{5B23F8BF-DB18-4C02-A476-1E9FA0C39CB3}.AppStore|Any CPU.ActiveCfg = Release|Any CPU
		{5B23F8BF-DB18-4C02-A476-1E9FA0C39CB3}.AppStore|Any CPU.Build.0 = Release|Any CPU
		{5B23F8BF-DB18-4C02-A476-1E9FA0C39CB3}.AppStore|ARM.ActiveCfg = Release|Any CPU
		{5B23F8BF-DB18-4C02-A476-1E9FA0C39CB3}.AppStore|ARM.Build.0 = Release|Any CPU
		{5B23F8BF-DB18-4C02-A476-1E9FA0C39CB3}.AppStore|iPhone.ActiveCfg = Release|Any CPU
		{5B23F8BF-DB18-4C02-A476-1E9FA0C39CB3}.AppStore|iPhone.Build.0 = Release|Any CPU
		{5B23F8BF-DB18-4C02-A476-1E9FA0C39CB3}.AppStore|iPhoneSimulator.ActiveCfg = Release|Any CPU
		{5B23F8BF-DB18-4C02-A476-1E9FA0C39CB3}.AppStore|iPhoneSimulator.Build.0 = Release|Any CPU
		{5B23F8BF-DB18-4C02-A476-1E9FA0C39CB3}.AppStore|x64.ActiveCfg = Release|Any CPU
		{5B23F8BF-DB18-4C02-A476-1E9FA0C39CB3}.AppStore|x64.Build.0 = Release|Any CPU
		{5B23F8BF-DB18-4C02-A476-1E9FA0C39CB3}.AppStore|x86.ActiveCfg = Release|Any CPU
		{5B23F8BF-DB18-4C02-A476-1E9FA0C39CB3}.AppStore|x86.Build.0 = Release|Any CPU
		{5B23F8BF-DB18-4C02-A476-1E9FA0C39CB3}.Debug|Any CPU.ActiveCfg = Debug|Any CPU
		{5B23F8BF-DB18-4C02-A476-1E9FA0C39CB3}.Debug|Any CPU.Build.0 = Debug|Any CPU
		{5B23F8BF-DB18-4C02-A476-1E9FA0C39CB3}.Debug|ARM.ActiveCfg = Debug|Any CPU
		{5B23F8BF-DB18-4C02-A476-1E9FA0C39CB3}.Debug|ARM.Build.0 = Debug|Any CPU
		{5B23F8BF-DB18-4C02-A476-1E9FA0C39CB3}.Debug|iPhone.ActiveCfg = Debug|Any CPU
		{5B23F8BF-DB18-4C02-A476-1E9FA0C39CB3}.Debug|iPhone.Build.0 = Debug|Any CPU
		{5B23F8BF-DB18-4C02-A476-1E9FA0C39CB3}.Debug|iPhoneSimulator.ActiveCfg = Debug|Any CPU
		{5B23F8BF-DB18-4C02-A476-1E9FA0C39CB3}.Debug|iPhoneSimulator.Build.0 = Debug|Any CPU
		{5B23F8BF-DB18-4C02-A476-1E9FA0C39CB3}.Debug|x64.ActiveCfg = Debug|Any CPU
		{5B23F8BF-DB18-4C02-A476-1E9FA0C39CB3}.Debug|x64.Build.0 = Debug|Any CPU
		{5B23F8BF-DB18-4C02-A476-1E9FA0C39CB3}.Debug|x86.ActiveCfg = Debug|Any CPU
		{5B23F8BF-DB18-4C02-A476-1E9FA0C39CB3}.Debug|x86.Build.0 = Debug|Any CPU
		{5B23F8BF-DB18-4C02-A476-1E9FA0C39CB3}.Release|Any CPU.ActiveCfg = Release|Any CPU
		{5B23F8BF-DB18-4C02-A476-1E9FA0C39CB3}.Release|Any CPU.Build.0 = Release|Any CPU
		{5B23F8BF-DB18-4C02-A476-1E9FA0C39CB3}.Release|ARM.ActiveCfg = Release|Any CPU
		{5B23F8BF-DB18-4C02-A476-1E9FA0C39CB3}.Release|ARM.Build.0 = Release|Any CPU
		{5B23F8BF-DB18-4C02-A476-1E9FA0C39CB3}.Release|iPhone.ActiveCfg = Release|Any CPU
		{5B23F8BF-DB18-4C02-A476-1E9FA0C39CB3}.Release|iPhone.Build.0 = Release|Any CPU
		{5B23F8BF-DB18-4C02-A476-1E9FA0C39CB3}.Release|iPhoneSimulator.ActiveCfg = Release|Any CPU
		{5B23F8BF-DB18-4C02-A476-1E9FA0C39CB3}.Release|iPhoneSimulator.Build.0 = Release|Any CPU
		{5B23F8BF-DB18-4C02-A476-1E9FA0C39CB3}.Release|x64.ActiveCfg = Release|Any CPU
		{5B23F8BF-DB18-4C02-A476-1E9FA0C39CB3}.Release|x64.Build.0 = Release|Any CPU
		{5B23F8BF-DB18-4C02-A476-1E9FA0C39CB3}.Release|x86.ActiveCfg = Release|Any CPU
		{5B23F8BF-DB18-4C02-A476-1E9FA0C39CB3}.Release|x86.Build.0 = Release|Any CPU
		{DB2FF021-62EC-4FA5-841C-6BE93957EEEA}.Ad-Hoc|Any CPU.ActiveCfg = Release|Any CPU
		{DB2FF021-62EC-4FA5-841C-6BE93957EEEA}.Ad-Hoc|Any CPU.Build.0 = Release|Any CPU
		{DB2FF021-62EC-4FA5-841C-6BE93957EEEA}.Ad-Hoc|ARM.ActiveCfg = Release|Any CPU
		{DB2FF021-62EC-4FA5-841C-6BE93957EEEA}.Ad-Hoc|ARM.Build.0 = Release|Any CPU
		{DB2FF021-62EC-4FA5-841C-6BE93957EEEA}.Ad-Hoc|iPhone.ActiveCfg = Release|Any CPU
		{DB2FF021-62EC-4FA5-841C-6BE93957EEEA}.Ad-Hoc|iPhone.Build.0 = Release|Any CPU
		{DB2FF021-62EC-4FA5-841C-6BE93957EEEA}.Ad-Hoc|iPhoneSimulator.ActiveCfg = Release|Any CPU
		{DB2FF021-62EC-4FA5-841C-6BE93957EEEA}.Ad-Hoc|iPhoneSimulator.Build.0 = Release|Any CPU
		{DB2FF021-62EC-4FA5-841C-6BE93957EEEA}.Ad-Hoc|x64.ActiveCfg = Release|Any CPU
		{DB2FF021-62EC-4FA5-841C-6BE93957EEEA}.Ad-Hoc|x64.Build.0 = Release|Any CPU
		{DB2FF021-62EC-4FA5-841C-6BE93957EEEA}.Ad-Hoc|x86.ActiveCfg = Release|Any CPU
		{DB2FF021-62EC-4FA5-841C-6BE93957EEEA}.Ad-Hoc|x86.Build.0 = Release|Any CPU
		{DB2FF021-62EC-4FA5-841C-6BE93957EEEA}.AppStore|Any CPU.ActiveCfg = Release|Any CPU
		{DB2FF021-62EC-4FA5-841C-6BE93957EEEA}.AppStore|Any CPU.Build.0 = Release|Any CPU
		{DB2FF021-62EC-4FA5-841C-6BE93957EEEA}.AppStore|ARM.ActiveCfg = Release|Any CPU
		{DB2FF021-62EC-4FA5-841C-6BE93957EEEA}.AppStore|ARM.Build.0 = Release|Any CPU
		{DB2FF021-62EC-4FA5-841C-6BE93957EEEA}.AppStore|iPhone.ActiveCfg = Release|Any CPU
		{DB2FF021-62EC-4FA5-841C-6BE93957EEEA}.AppStore|iPhone.Build.0 = Release|Any CPU
		{DB2FF021-62EC-4FA5-841C-6BE93957EEEA}.AppStore|iPhoneSimulator.ActiveCfg = Release|Any CPU
		{DB2FF021-62EC-4FA5-841C-6BE93957EEEA}.AppStore|iPhoneSimulator.Build.0 = Release|Any CPU
		{DB2FF021-62EC-4FA5-841C-6BE93957EEEA}.AppStore|x64.ActiveCfg = Release|Any CPU
		{DB2FF021-62EC-4FA5-841C-6BE93957EEEA}.AppStore|x64.Build.0 = Release|Any CPU
		{DB2FF021-62EC-4FA5-841C-6BE93957EEEA}.AppStore|x86.ActiveCfg = Release|Any CPU
		{DB2FF021-62EC-4FA5-841C-6BE93957EEEA}.AppStore|x86.Build.0 = Release|Any CPU
		{DB2FF021-62EC-4FA5-841C-6BE93957EEEA}.Debug|Any CPU.ActiveCfg = Debug|Any CPU
		{DB2FF021-62EC-4FA5-841C-6BE93957EEEA}.Debug|Any CPU.Build.0 = Debug|Any CPU
		{DB2FF021-62EC-4FA5-841C-6BE93957EEEA}.Debug|ARM.ActiveCfg = Debug|Any CPU
		{DB2FF021-62EC-4FA5-841C-6BE93957EEEA}.Debug|ARM.Build.0 = Debug|Any CPU
		{DB2FF021-62EC-4FA5-841C-6BE93957EEEA}.Debug|iPhone.ActiveCfg = Debug|Any CPU
		{DB2FF021-62EC-4FA5-841C-6BE93957EEEA}.Debug|iPhone.Build.0 = Debug|Any CPU
		{DB2FF021-62EC-4FA5-841C-6BE93957EEEA}.Debug|iPhoneSimulator.ActiveCfg = Debug|Any CPU
		{DB2FF021-62EC-4FA5-841C-6BE93957EEEA}.Debug|iPhoneSimulator.Build.0 = Debug|Any CPU
		{DB2FF021-62EC-4FA5-841C-6BE93957EEEA}.Debug|x64.ActiveCfg = Debug|Any CPU
		{DB2FF021-62EC-4FA5-841C-6BE93957EEEA}.Debug|x64.Build.0 = Debug|Any CPU
		{DB2FF021-62EC-4FA5-841C-6BE93957EEEA}.Debug|x86.ActiveCfg = Debug|Any CPU
		{DB2FF021-62EC-4FA5-841C-6BE93957EEEA}.Debug|x86.Build.0 = Debug|Any CPU
		{DB2FF021-62EC-4FA5-841C-6BE93957EEEA}.Release|Any CPU.ActiveCfg = Release|Any CPU
		{DB2FF021-62EC-4FA5-841C-6BE93957EEEA}.Release|Any CPU.Build.0 = Release|Any CPU
		{DB2FF021-62EC-4FA5-841C-6BE93957EEEA}.Release|ARM.ActiveCfg = Release|Any CPU
		{DB2FF021-62EC-4FA5-841C-6BE93957EEEA}.Release|ARM.Build.0 = Release|Any CPU
		{DB2FF021-62EC-4FA5-841C-6BE93957EEEA}.Release|iPhone.ActiveCfg = Release|Any CPU
		{DB2FF021-62EC-4FA5-841C-6BE93957EEEA}.Release|iPhone.Build.0 = Release|Any CPU
		{DB2FF021-62EC-4FA5-841C-6BE93957EEEA}.Release|iPhoneSimulator.ActiveCfg = Release|Any CPU
		{DB2FF021-62EC-4FA5-841C-6BE93957EEEA}.Release|iPhoneSimulator.Build.0 = Release|Any CPU
		{DB2FF021-62EC-4FA5-841C-6BE93957EEEA}.Release|x64.ActiveCfg = Release|Any CPU
		{DB2FF021-62EC-4FA5-841C-6BE93957EEEA}.Release|x64.Build.0 = Release|Any CPU
		{DB2FF021-62EC-4FA5-841C-6BE93957EEEA}.Release|x86.ActiveCfg = Release|Any CPU
		{DB2FF021-62EC-4FA5-841C-6BE93957EEEA}.Release|x86.Build.0 = Release|Any CPU
		{40679791-F047-48C4-A844-B74FF2D17495}.Ad-Hoc|Any CPU.ActiveCfg = Release|Any CPU
		{40679791-F047-48C4-A844-B74FF2D17495}.Ad-Hoc|Any CPU.Build.0 = Release|Any CPU
		{40679791-F047-48C4-A844-B74FF2D17495}.Ad-Hoc|ARM.ActiveCfg = Release|Any CPU
		{40679791-F047-48C4-A844-B74FF2D17495}.Ad-Hoc|ARM.Build.0 = Release|Any CPU
		{40679791-F047-48C4-A844-B74FF2D17495}.Ad-Hoc|iPhone.ActiveCfg = Release|Any CPU
		{40679791-F047-48C4-A844-B74FF2D17495}.Ad-Hoc|iPhone.Build.0 = Release|Any CPU
		{40679791-F047-48C4-A844-B74FF2D17495}.Ad-Hoc|iPhoneSimulator.ActiveCfg = Release|Any CPU
		{40679791-F047-48C4-A844-B74FF2D17495}.Ad-Hoc|iPhoneSimulator.Build.0 = Release|Any CPU
		{40679791-F047-48C4-A844-B74FF2D17495}.Ad-Hoc|x64.ActiveCfg = Release|Any CPU
		{40679791-F047-48C4-A844-B74FF2D17495}.Ad-Hoc|x64.Build.0 = Release|Any CPU
		{40679791-F047-48C4-A844-B74FF2D17495}.Ad-Hoc|x86.ActiveCfg = Release|Any CPU
		{40679791-F047-48C4-A844-B74FF2D17495}.Ad-Hoc|x86.Build.0 = Release|Any CPU
		{40679791-F047-48C4-A844-B74FF2D17495}.AppStore|Any CPU.ActiveCfg = Release|Any CPU
		{40679791-F047-48C4-A844-B74FF2D17495}.AppStore|Any CPU.Build.0 = Release|Any CPU
		{40679791-F047-48C4-A844-B74FF2D17495}.AppStore|ARM.ActiveCfg = Release|Any CPU
		{40679791-F047-48C4-A844-B74FF2D17495}.AppStore|ARM.Build.0 = Release|Any CPU
		{40679791-F047-48C4-A844-B74FF2D17495}.AppStore|iPhone.ActiveCfg = Release|Any CPU
		{40679791-F047-48C4-A844-B74FF2D17495}.AppStore|iPhone.Build.0 = Release|Any CPU
		{40679791-F047-48C4-A844-B74FF2D17495}.AppStore|iPhoneSimulator.ActiveCfg = Release|Any CPU
		{40679791-F047-48C4-A844-B74FF2D17495}.AppStore|iPhoneSimulator.Build.0 = Release|Any CPU
		{40679791-F047-48C4-A844-B74FF2D17495}.AppStore|x64.ActiveCfg = Release|Any CPU
		{40679791-F047-48C4-A844-B74FF2D17495}.AppStore|x64.Build.0 = Release|Any CPU
		{40679791-F047-48C4-A844-B74FF2D17495}.AppStore|x86.ActiveCfg = Release|Any CPU
		{40679791-F047-48C4-A844-B74FF2D17495}.AppStore|x86.Build.0 = Release|Any CPU
		{40679791-F047-48C4-A844-B74FF2D17495}.Debug|Any CPU.ActiveCfg = Debug|Any CPU
		{40679791-F047-48C4-A844-B74FF2D17495}.Debug|Any CPU.Build.0 = Debug|Any CPU
		{40679791-F047-48C4-A844-B74FF2D17495}.Debug|ARM.ActiveCfg = Debug|Any CPU
		{40679791-F047-48C4-A844-B74FF2D17495}.Debug|ARM.Build.0 = Debug|Any CPU
		{40679791-F047-48C4-A844-B74FF2D17495}.Debug|iPhone.ActiveCfg = Debug|Any CPU
		{40679791-F047-48C4-A844-B74FF2D17495}.Debug|iPhone.Build.0 = Debug|Any CPU
		{40679791-F047-48C4-A844-B74FF2D17495}.Debug|iPhoneSimulator.ActiveCfg = Debug|Any CPU
		{40679791-F047-48C4-A844-B74FF2D17495}.Debug|iPhoneSimulator.Build.0 = Debug|Any CPU
		{40679791-F047-48C4-A844-B74FF2D17495}.Debug|x64.ActiveCfg = Debug|Any CPU
		{40679791-F047-48C4-A844-B74FF2D17495}.Debug|x64.Build.0 = Debug|Any CPU
		{40679791-F047-48C4-A844-B74FF2D17495}.Debug|x86.ActiveCfg = Debug|Any CPU
		{40679791-F047-48C4-A844-B74FF2D17495}.Debug|x86.Build.0 = Debug|Any CPU
		{40679791-F047-48C4-A844-B74FF2D17495}.Release|Any CPU.ActiveCfg = Release|Any CPU
		{40679791-F047-48C4-A844-B74FF2D17495}.Release|Any CPU.Build.0 = Release|Any CPU
		{40679791-F047-48C4-A844-B74FF2D17495}.Release|ARM.ActiveCfg = Release|Any CPU
		{40679791-F047-48C4-A844-B74FF2D17495}.Release|ARM.Build.0 = Release|Any CPU
		{40679791-F047-48C4-A844-B74FF2D17495}.Release|iPhone.ActiveCfg = Release|Any CPU
		{40679791-F047-48C4-A844-B74FF2D17495}.Release|iPhone.Build.0 = Release|Any CPU
		{40679791-F047-48C4-A844-B74FF2D17495}.Release|iPhoneSimulator.ActiveCfg = Release|Any CPU
		{40679791-F047-48C4-A844-B74FF2D17495}.Release|iPhoneSimulator.Build.0 = Release|Any CPU
		{40679791-F047-48C4-A844-B74FF2D17495}.Release|x64.ActiveCfg = Release|Any CPU
		{40679791-F047-48C4-A844-B74FF2D17495}.Release|x64.Build.0 = Release|Any CPU
		{40679791-F047-48C4-A844-B74FF2D17495}.Release|x86.ActiveCfg = Release|Any CPU
		{40679791-F047-48C4-A844-B74FF2D17495}.Release|x86.Build.0 = Release|Any CPU
		{0300E3FE-11F0-4A4D-9406-9E4D59C29DFC}.Ad-Hoc|Any CPU.ActiveCfg = Release|Any CPU
		{0300E3FE-11F0-4A4D-9406-9E4D59C29DFC}.Ad-Hoc|Any CPU.Build.0 = Release|Any CPU
		{0300E3FE-11F0-4A4D-9406-9E4D59C29DFC}.Ad-Hoc|ARM.ActiveCfg = Release|ARM
		{0300E3FE-11F0-4A4D-9406-9E4D59C29DFC}.Ad-Hoc|ARM.Build.0 = Release|ARM
		{0300E3FE-11F0-4A4D-9406-9E4D59C29DFC}.Ad-Hoc|iPhone.ActiveCfg = Release|Any CPU
		{0300E3FE-11F0-4A4D-9406-9E4D59C29DFC}.Ad-Hoc|iPhone.Build.0 = Release|Any CPU
		{0300E3FE-11F0-4A4D-9406-9E4D59C29DFC}.Ad-Hoc|iPhoneSimulator.ActiveCfg = Release|Any CPU
		{0300E3FE-11F0-4A4D-9406-9E4D59C29DFC}.Ad-Hoc|iPhoneSimulator.Build.0 = Release|Any CPU
		{0300E3FE-11F0-4A4D-9406-9E4D59C29DFC}.Ad-Hoc|x64.ActiveCfg = Release|x64
		{0300E3FE-11F0-4A4D-9406-9E4D59C29DFC}.Ad-Hoc|x64.Build.0 = Release|x64
		{0300E3FE-11F0-4A4D-9406-9E4D59C29DFC}.Ad-Hoc|x86.ActiveCfg = Release|x86
		{0300E3FE-11F0-4A4D-9406-9E4D59C29DFC}.Ad-Hoc|x86.Build.0 = Release|x86
		{0300E3FE-11F0-4A4D-9406-9E4D59C29DFC}.AppStore|Any CPU.ActiveCfg = Release|Any CPU
		{0300E3FE-11F0-4A4D-9406-9E4D59C29DFC}.AppStore|Any CPU.Build.0 = Release|Any CPU
		{0300E3FE-11F0-4A4D-9406-9E4D59C29DFC}.AppStore|ARM.ActiveCfg = Release|ARM
		{0300E3FE-11F0-4A4D-9406-9E4D59C29DFC}.AppStore|ARM.Build.0 = Release|ARM
		{0300E3FE-11F0-4A4D-9406-9E4D59C29DFC}.AppStore|iPhone.ActiveCfg = Release|Any CPU
		{0300E3FE-11F0-4A4D-9406-9E4D59C29DFC}.AppStore|iPhone.Build.0 = Release|Any CPU
		{0300E3FE-11F0-4A4D-9406-9E4D59C29DFC}.AppStore|iPhoneSimulator.ActiveCfg = Release|Any CPU
		{0300E3FE-11F0-4A4D-9406-9E4D59C29DFC}.AppStore|iPhoneSimulator.Build.0 = Release|Any CPU
		{0300E3FE-11F0-4A4D-9406-9E4D59C29DFC}.AppStore|x64.ActiveCfg = Release|x64
		{0300E3FE-11F0-4A4D-9406-9E4D59C29DFC}.AppStore|x64.Build.0 = Release|x64
		{0300E3FE-11F0-4A4D-9406-9E4D59C29DFC}.AppStore|x86.ActiveCfg = Release|x86
		{0300E3FE-11F0-4A4D-9406-9E4D59C29DFC}.AppStore|x86.Build.0 = Release|x86
		{0300E3FE-11F0-4A4D-9406-9E4D59C29DFC}.Debug|Any CPU.ActiveCfg = Debug|Any CPU
		{0300E3FE-11F0-4A4D-9406-9E4D59C29DFC}.Debug|Any CPU.Build.0 = Debug|Any CPU
		{0300E3FE-11F0-4A4D-9406-9E4D59C29DFC}.Debug|ARM.ActiveCfg = Debug|ARM
		{0300E3FE-11F0-4A4D-9406-9E4D59C29DFC}.Debug|ARM.Build.0 = Debug|ARM
		{0300E3FE-11F0-4A4D-9406-9E4D59C29DFC}.Debug|iPhone.ActiveCfg = Debug|Any CPU
		{0300E3FE-11F0-4A4D-9406-9E4D59C29DFC}.Debug|iPhone.Build.0 = Debug|Any CPU
		{0300E3FE-11F0-4A4D-9406-9E4D59C29DFC}.Debug|iPhoneSimulator.ActiveCfg = Debug|Any CPU
		{0300E3FE-11F0-4A4D-9406-9E4D59C29DFC}.Debug|iPhoneSimulator.Build.0 = Debug|Any CPU
		{0300E3FE-11F0-4A4D-9406-9E4D59C29DFC}.Debug|x64.ActiveCfg = Debug|x64
		{0300E3FE-11F0-4A4D-9406-9E4D59C29DFC}.Debug|x64.Build.0 = Debug|x64
		{0300E3FE-11F0-4A4D-9406-9E4D59C29DFC}.Debug|x86.ActiveCfg = Debug|x86
		{0300E3FE-11F0-4A4D-9406-9E4D59C29DFC}.Debug|x86.Build.0 = Debug|x86
		{0300E3FE-11F0-4A4D-9406-9E4D59C29DFC}.Release|Any CPU.ActiveCfg = Release|Any CPU
		{0300E3FE-11F0-4A4D-9406-9E4D59C29DFC}.Release|Any CPU.Build.0 = Release|Any CPU
		{0300E3FE-11F0-4A4D-9406-9E4D59C29DFC}.Release|ARM.ActiveCfg = Release|ARM
		{0300E3FE-11F0-4A4D-9406-9E4D59C29DFC}.Release|ARM.Build.0 = Release|ARM
		{0300E3FE-11F0-4A4D-9406-9E4D59C29DFC}.Release|iPhone.ActiveCfg = Release|Any CPU
		{0300E3FE-11F0-4A4D-9406-9E4D59C29DFC}.Release|iPhone.Build.0 = Release|Any CPU
		{0300E3FE-11F0-4A4D-9406-9E4D59C29DFC}.Release|iPhoneSimulator.ActiveCfg = Release|Any CPU
		{0300E3FE-11F0-4A4D-9406-9E4D59C29DFC}.Release|iPhoneSimulator.Build.0 = Release|Any CPU
		{0300E3FE-11F0-4A4D-9406-9E4D59C29DFC}.Release|x64.ActiveCfg = Release|x64
		{0300E3FE-11F0-4A4D-9406-9E4D59C29DFC}.Release|x64.Build.0 = Release|x64
		{0300E3FE-11F0-4A4D-9406-9E4D59C29DFC}.Release|x86.ActiveCfg = Release|x86
		{0300E3FE-11F0-4A4D-9406-9E4D59C29DFC}.Release|x86.Build.0 = Release|x86
		{89CF0C57-1443-4225-B9EC-2B2D94922E7E}.Ad-Hoc|Any CPU.ActiveCfg = Debug|Any CPU
		{89CF0C57-1443-4225-B9EC-2B2D94922E7E}.Ad-Hoc|Any CPU.Build.0 = Debug|Any CPU
		{89CF0C57-1443-4225-B9EC-2B2D94922E7E}.Ad-Hoc|ARM.ActiveCfg = Debug|Any CPU
		{89CF0C57-1443-4225-B9EC-2B2D94922E7E}.Ad-Hoc|ARM.Build.0 = Debug|Any CPU
		{89CF0C57-1443-4225-B9EC-2B2D94922E7E}.Ad-Hoc|iPhone.ActiveCfg = Debug|Any CPU
		{89CF0C57-1443-4225-B9EC-2B2D94922E7E}.Ad-Hoc|iPhone.Build.0 = Debug|Any CPU
		{89CF0C57-1443-4225-B9EC-2B2D94922E7E}.Ad-Hoc|iPhoneSimulator.ActiveCfg = Debug|Any CPU
		{89CF0C57-1443-4225-B9EC-2B2D94922E7E}.Ad-Hoc|iPhoneSimulator.Build.0 = Debug|Any CPU
		{89CF0C57-1443-4225-B9EC-2B2D94922E7E}.Ad-Hoc|x64.ActiveCfg = Debug|Any CPU
		{89CF0C57-1443-4225-B9EC-2B2D94922E7E}.Ad-Hoc|x64.Build.0 = Debug|Any CPU
		{89CF0C57-1443-4225-B9EC-2B2D94922E7E}.Ad-Hoc|x86.ActiveCfg = Debug|Any CPU
		{89CF0C57-1443-4225-B9EC-2B2D94922E7E}.Ad-Hoc|x86.Build.0 = Debug|Any CPU
		{89CF0C57-1443-4225-B9EC-2B2D94922E7E}.AppStore|Any CPU.ActiveCfg = Debug|Any CPU
		{89CF0C57-1443-4225-B9EC-2B2D94922E7E}.AppStore|Any CPU.Build.0 = Debug|Any CPU
		{89CF0C57-1443-4225-B9EC-2B2D94922E7E}.AppStore|ARM.ActiveCfg = Debug|Any CPU
		{89CF0C57-1443-4225-B9EC-2B2D94922E7E}.AppStore|ARM.Build.0 = Debug|Any CPU
		{89CF0C57-1443-4225-B9EC-2B2D94922E7E}.AppStore|iPhone.ActiveCfg = Debug|Any CPU
		{89CF0C57-1443-4225-B9EC-2B2D94922E7E}.AppStore|iPhone.Build.0 = Debug|Any CPU
		{89CF0C57-1443-4225-B9EC-2B2D94922E7E}.AppStore|iPhoneSimulator.ActiveCfg = Debug|Any CPU
		{89CF0C57-1443-4225-B9EC-2B2D94922E7E}.AppStore|iPhoneSimulator.Build.0 = Debug|Any CPU
		{89CF0C57-1443-4225-B9EC-2B2D94922E7E}.AppStore|x64.ActiveCfg = Debug|Any CPU
		{89CF0C57-1443-4225-B9EC-2B2D94922E7E}.AppStore|x64.Build.0 = Debug|Any CPU
		{89CF0C57-1443-4225-B9EC-2B2D94922E7E}.AppStore|x86.ActiveCfg = Debug|Any CPU
		{89CF0C57-1443-4225-B9EC-2B2D94922E7E}.AppStore|x86.Build.0 = Debug|Any CPU
		{89CF0C57-1443-4225-B9EC-2B2D94922E7E}.Debug|Any CPU.ActiveCfg = Debug|Any CPU
		{89CF0C57-1443-4225-B9EC-2B2D94922E7E}.Debug|Any CPU.Build.0 = Debug|Any CPU
		{89CF0C57-1443-4225-B9EC-2B2D94922E7E}.Debug|ARM.ActiveCfg = Debug|Any CPU
		{89CF0C57-1443-4225-B9EC-2B2D94922E7E}.Debug|ARM.Build.0 = Debug|Any CPU
		{89CF0C57-1443-4225-B9EC-2B2D94922E7E}.Debug|iPhone.ActiveCfg = Debug|Any CPU
		{89CF0C57-1443-4225-B9EC-2B2D94922E7E}.Debug|iPhone.Build.0 = Debug|Any CPU
		{89CF0C57-1443-4225-B9EC-2B2D94922E7E}.Debug|iPhoneSimulator.ActiveCfg = Debug|Any CPU
		{89CF0C57-1443-4225-B9EC-2B2D94922E7E}.Debug|iPhoneSimulator.Build.0 = Debug|Any CPU
		{89CF0C57-1443-4225-B9EC-2B2D94922E7E}.Debug|x64.ActiveCfg = Debug|Any CPU
		{89CF0C57-1443-4225-B9EC-2B2D94922E7E}.Debug|x64.Build.0 = Debug|Any CPU
		{89CF0C57-1443-4225-B9EC-2B2D94922E7E}.Debug|x86.ActiveCfg = Debug|Any CPU
		{89CF0C57-1443-4225-B9EC-2B2D94922E7E}.Debug|x86.Build.0 = Debug|Any CPU
		{89CF0C57-1443-4225-B9EC-2B2D94922E7E}.Release|Any CPU.ActiveCfg = Release|Any CPU
		{89CF0C57-1443-4225-B9EC-2B2D94922E7E}.Release|Any CPU.Build.0 = Release|Any CPU
		{89CF0C57-1443-4225-B9EC-2B2D94922E7E}.Release|ARM.ActiveCfg = Release|Any CPU
		{89CF0C57-1443-4225-B9EC-2B2D94922E7E}.Release|ARM.Build.0 = Release|Any CPU
		{89CF0C57-1443-4225-B9EC-2B2D94922E7E}.Release|iPhone.ActiveCfg = Release|Any CPU
		{89CF0C57-1443-4225-B9EC-2B2D94922E7E}.Release|iPhone.Build.0 = Release|Any CPU
		{89CF0C57-1443-4225-B9EC-2B2D94922E7E}.Release|iPhoneSimulator.ActiveCfg = Release|Any CPU
		{89CF0C57-1443-4225-B9EC-2B2D94922E7E}.Release|iPhoneSimulator.Build.0 = Release|Any CPU
		{89CF0C57-1443-4225-B9EC-2B2D94922E7E}.Release|x64.ActiveCfg = Release|Any CPU
		{89CF0C57-1443-4225-B9EC-2B2D94922E7E}.Release|x64.Build.0 = Release|Any CPU
		{89CF0C57-1443-4225-B9EC-2B2D94922E7E}.Release|x86.ActiveCfg = Release|Any CPU
		{89CF0C57-1443-4225-B9EC-2B2D94922E7E}.Release|x86.Build.0 = Release|Any CPU
	EndGlobalSection
	GlobalSection(SolutionProperties) = preSolution
		HideSolutionNode = FALSE
	EndGlobalSection
	GlobalSection(NestedProjects) = preSolution
		{640AECB2-A92F-4255-A70E-9E79EE1B4930} = {8A0D6243-2395-4BA2-A0C2-9DDEF9FBB326}
		{A73236F0-6C32-4DE9-A7D1-4173A3B3AD3D} = {8A0D6243-2395-4BA2-A0C2-9DDEF9FBB326}
		{BA56F824-2A99-45FD-8ADB-3AF0A7AA3848} = {8A0D6243-2395-4BA2-A0C2-9DDEF9FBB326}
		{22C43546-44B5-457B-814C-B9C7AA017C15} = {8A0D6243-2395-4BA2-A0C2-9DDEF9FBB326}
		{62F22F6E-35D1-49DB-8FCD-83520AED48B4} = {8EB45A15-36CB-43F2-BA1C-10C10694664E}
		{C21D979F-0BE4-46BD-A11B-8D9FDDC77965} = {8A0D6243-2395-4BA2-A0C2-9DDEF9FBB326}
		{5B23F8BF-DB18-4C02-A476-1E9FA0C39CB3} = {8A0D6243-2395-4BA2-A0C2-9DDEF9FBB326}
		{DB2FF021-62EC-4FA5-841C-6BE93957EEEA} = {957D3D89-765A-4BBD-AC5C-43DED0DD6C00}
		{40679791-F047-48C4-A844-B74FF2D17495} = {957D3D89-765A-4BBD-AC5C-43DED0DD6C00}
		{0300E3FE-11F0-4A4D-9406-9E4D59C29DFC} = {957D3D89-765A-4BBD-AC5C-43DED0DD6C00}
	EndGlobalSection
EndGlobal
